
Microsoft Visual Studio Solution File, Format Version 12.00
# Visual Studio Version 17
VisualStudioVersion = 17.13.35818.85 d17.13
MinimumVisualStudioVersion = 10.0.40219.1
Project("{FAE04EC0-301F-11D3-BF4B-00C04F79EFBC}") = "Chess", "Chess\Chess.csproj", "{0850213C-516C-42DD-9EA3-2F81124C384B}"
EndProject
Global
	GlobalSection(SolutionConfigurationPlatforms) = preSolution
		Debug|Any CPU = Debug|Any CPU
		Release|Any CPU = Release|Any CPU
	EndGlobalSection
	GlobalSection(ProjectConfigurationPlatforms) = postSolution
		{0850213C-516C-42DD-9EA3-2F81124C384B}.Debug|Any CPU.ActiveCfg = Debug|Any CPU
		{0850213C-516C-42DD-9EA3-2F81124C384B}.Debug|Any CPU.Build.0 = Debug|Any CPU
		{0850213C-516C-42DD-9EA3-2F81124C384B}.Release|Any CPU.ActiveCfg = Release|Any CPU
		{0850213C-516C-42DD-9EA3-2F81124C384B}.Release|Any CPU.Build.0 = Release|Any CPU
	EndGlobalSection
	GlobalSection(SolutionProperties) = preSolution
		HideSolutionNode = FALSE
	EndGlobalSection
	GlobalSection(ExtensibilityGlobals) = postSolution
		SolutionGuid = {9BFA8EB1-13F1-4012-BDF1-A2DDD720A347}
	EndGlobalSection
EndGlobal
